
Microsoft Visual Studio Solution File, Format Version 12.00
# Visual Studio 15
VisualStudioVersion = 15.0.28307.271
MinimumVisualStudioVersion = 10.0.40219.1
Project("{FAE04EC0-301F-11D3-BF4B-00C04F79EFBC}") = "MovieApp.NewDb", "MovieApp.NewDb\MovieApp.NewDb.csproj", "{D03BA3A2-09FC-472E-8F20-D99F6DFC0BE4}"
EndProject
Global
	GlobalSection(SolutionConfigurationPlatforms) = preSolution
		Debug|Any CPU = Debug|Any CPU
		Release|Any CPU = Release|Any CPU
	EndGlobalSection
	GlobalSection(ProjectConfigurationPlatforms) = postSolution
		{D03BA3A2-09FC-472E-8F20-D99F6DFC0BE4}.Debug|Any CPU.ActiveCfg = Debug|Any CPU
		{D03BA3A2-09FC-472E-8F20-D99F6DFC0BE4}.Debug|Any CPU.Build.0 = Debug|Any CPU
		{D03BA3A2-09FC-472E-8F20-D99F6DFC0BE4}.Release|Any CPU.ActiveCfg = Release|Any CPU
		{D03BA3A2-09FC-472E-8F20-D99F6DFC0BE4}.Release|Any CPU.Build.0 = Release|Any CPU
	EndGlobalSection
	GlobalSection(SolutionProperties) = preSolution
		HideSolutionNode = FALSE
	EndGlobalSection
	GlobalSection(ExtensibilityGlobals) = postSolution
		SolutionGuid = {669CB3AB-AC4B-4AA3-AC4A-774548881A80}
	EndGlobalSection
EndGlobal
